
Microsoft Visual Studio Solution File, Format Version 12.00
# Visual Studio 15
VisualStudioVersion = 15.0.26124.0
MinimumVisualStudioVersion = 15.0.26124.0
Project("{FAE04EC0-301F-11D3-BF4B-00C04F79EFBC}") = "Nimbus", "src\Nimbus\Nimbus.csproj", "{150EDEEE-6188-41AA-8F8A-8ED931A38B37}"
EndProject
Project("{FAE04EC0-301F-11D3-BF4B-00C04F79EFBC}") = "Nimbus.InfrastructureContracts", "src\Nimbus.InfrastructureContracts\Nimbus.InfrastructureContracts.csproj", "{7CB15804-6150-4A8E-9CF8-C3C09480775F}"
EndProject
Project("{FAE04EC0-301F-11D3-BF4B-00C04F79EFBC}") = "Nimbus.MessageContracts", "src\Nimbus.MessageContracts\Nimbus.MessageContracts.csproj", "{49BA9BB4-1661-46AE-B8C3-8DEE14282AF8}"
EndProject
Project("{2150E333-8FDC-42A3-9474-1A3956D46DE8}") = "src", "src", "{3DD9A756-E192-4969-8979-193114FD843B}"
EndProject
Project("{2150E333-8FDC-42A3-9474-1A3956D46DE8}") = "extensions", "extensions", "{BC8BBBE6-238A-49FD-91C8-2331F89DAA7B}"
EndProject
Project("{FAE04EC0-301F-11D3-BF4B-00C04F79EFBC}") = "Nimbus.Serializers.Json", "src\extensions\Nimbus.Serializers.Json\Nimbus.Serializers.Json.csproj", "{5A8D2BF0-9094-4F7E-BABE-35DB7FD7A010}"
EndProject
Project("{FAE04EC0-301F-11D3-BF4B-00C04F79EFBC}") = "Nimbus.Autofac", "src\extensions\Nimbus.Autofac\Nimbus.Autofac.csproj", "{9A5AE007-9A5D-4F7B-9956-EDFF90A5B395}"
EndProject
Project("{FAE04EC0-301F-11D3-BF4B-00C04F79EFBC}") = "Nimbus.Logger.Serilog", "src\extensions\Nimbus.Logger.Serilog\Nimbus.Logger.Serilog.csproj", "{EC2BD69F-A9CA-456A-80EE-638FD78081DA}"
EndProject
Project("{FAE04EC0-301F-11D3-BF4B-00C04F79EFBC}") = "Nimbus.Logger.Log4net", "src\extensions\Nimbus.Logger.Log4net\Nimbus.Logger.Log4net.csproj", "{0CF98382-EA8F-4194-872F-8D9DEE3D4F62}"
EndProject
Project("{FAE04EC0-301F-11D3-BF4B-00C04F79EFBC}") = "Nimbus.Transports.InProcess", "src\extensions\Nimbus.Transports.InProcess\Nimbus.Transports.InProcess.csproj", "{804FE628-C030-47CF-AAEE-7EF64105BCF8}"
EndProject
Global
	GlobalSection(SolutionConfigurationPlatforms) = preSolution
		Debug|Any CPU = Debug|Any CPU
		Debug|x64 = Debug|x64
		Debug|x86 = Debug|x86
		Release|Any CPU = Release|Any CPU
		Release|x64 = Release|x64
		Release|x86 = Release|x86
	EndGlobalSection
	GlobalSection(SolutionProperties) = preSolution
		HideSolutionNode = FALSE
	EndGlobalSection
	GlobalSection(ProjectConfigurationPlatforms) = postSolution
		{150EDEEE-6188-41AA-8F8A-8ED931A38B37}.Debug|Any CPU.ActiveCfg = Debug|Any CPU
		{150EDEEE-6188-41AA-8F8A-8ED931A38B37}.Debug|Any CPU.Build.0 = Debug|Any CPU
		{150EDEEE-6188-41AA-8F8A-8ED931A38B37}.Debug|x64.ActiveCfg = Debug|Any CPU
		{150EDEEE-6188-41AA-8F8A-8ED931A38B37}.Debug|x64.Build.0 = Debug|Any CPU
		{150EDEEE-6188-41AA-8F8A-8ED931A38B37}.Debug|x86.ActiveCfg = Debug|Any CPU
		{150EDEEE-6188-41AA-8F8A-8ED931A38B37}.Debug|x86.Build.0 = Debug|Any CPU
		{150EDEEE-6188-41AA-8F8A-8ED931A38B37}.Release|Any CPU.ActiveCfg = Release|Any CPU
		{150EDEEE-6188-41AA-8F8A-8ED931A38B37}.Release|Any CPU.Build.0 = Release|Any CPU
		{150EDEEE-6188-41AA-8F8A-8ED931A38B37}.Release|x64.ActiveCfg = Release|Any CPU
		{150EDEEE-6188-41AA-8F8A-8ED931A38B37}.Release|x64.Build.0 = Release|Any CPU
		{150EDEEE-6188-41AA-8F8A-8ED931A38B37}.Release|x86.ActiveCfg = Release|Any CPU
		{150EDEEE-6188-41AA-8F8A-8ED931A38B37}.Release|x86.Build.0 = Release|Any CPU
		{7CB15804-6150-4A8E-9CF8-C3C09480775F}.Debug|Any CPU.ActiveCfg = Debug|Any CPU
		{7CB15804-6150-4A8E-9CF8-C3C09480775F}.Debug|Any CPU.Build.0 = Debug|Any CPU
		{7CB15804-6150-4A8E-9CF8-C3C09480775F}.Debug|x64.ActiveCfg = Debug|Any CPU
		{7CB15804-6150-4A8E-9CF8-C3C09480775F}.Debug|x64.Build.0 = Debug|Any CPU
		{7CB15804-6150-4A8E-9CF8-C3C09480775F}.Debug|x86.ActiveCfg = Debug|Any CPU
		{7CB15804-6150-4A8E-9CF8-C3C09480775F}.Debug|x86.Build.0 = Debug|Any CPU
		{7CB15804-6150-4A8E-9CF8-C3C09480775F}.Release|Any CPU.ActiveCfg = Release|Any CPU
		{7CB15804-6150-4A8E-9CF8-C3C09480775F}.Release|Any CPU.Build.0 = Release|Any CPU
		{7CB15804-6150-4A8E-9CF8-C3C09480775F}.Release|x64.ActiveCfg = Release|Any CPU
		{7CB15804-6150-4A8E-9CF8-C3C09480775F}.Release|x64.Build.0 = Release|Any CPU
		{7CB15804-6150-4A8E-9CF8-C3C09480775F}.Release|x86.ActiveCfg = Release|Any CPU
		{7CB15804-6150-4A8E-9CF8-C3C09480775F}.Release|x86.Build.0 = Release|Any CPU
		{49BA9BB4-1661-46AE-B8C3-8DEE14282AF8}.Debug|Any CPU.ActiveCfg = Debug|Any CPU
		{49BA9BB4-1661-46AE-B8C3-8DEE14282AF8}.Debug|Any CPU.Build.0 = Debug|Any CPU
		{49BA9BB4-1661-46AE-B8C3-8DEE14282AF8}.Debug|x64.ActiveCfg = Debug|Any CPU
		{49BA9BB4-1661-46AE-B8C3-8DEE14282AF8}.Debug|x64.Build.0 = Debug|Any CPU
		{49BA9BB4-1661-46AE-B8C3-8DEE14282AF8}.Debug|x86.ActiveCfg = Debug|Any CPU
		{49BA9BB4-1661-46AE-B8C3-8DEE14282AF8}.Debug|x86.Build.0 = Debug|Any CPU
		{49BA9BB4-1661-46AE-B8C3-8DEE14282AF8}.Release|Any CPU.ActiveCfg = Release|Any CPU
		{49BA9BB4-1661-46AE-B8C3-8DEE14282AF8}.Release|Any CPU.Build.0 = Release|Any CPU
		{49BA9BB4-1661-46AE-B8C3-8DEE14282AF8}.Release|x64.ActiveCfg = Release|Any CPU
		{49BA9BB4-1661-46AE-B8C3-8DEE14282AF8}.Release|x64.Build.0 = Release|Any CPU
		{49BA9BB4-1661-46AE-B8C3-8DEE14282AF8}.Release|x86.ActiveCfg = Release|Any CPU
		{49BA9BB4-1661-46AE-B8C3-8DEE14282AF8}.Release|x86.Build.0 = Release|Any CPU
		{5A8D2BF0-9094-4F7E-BABE-35DB7FD7A010}.Debug|Any CPU.ActiveCfg = Debug|Any CPU
		{5A8D2BF0-9094-4F7E-BABE-35DB7FD7A010}.Debug|Any CPU.Build.0 = Debug|Any CPU
		{5A8D2BF0-9094-4F7E-BABE-35DB7FD7A010}.Debug|x64.ActiveCfg = Debug|Any CPU
		{5A8D2BF0-9094-4F7E-BABE-35DB7FD7A010}.Debug|x64.Build.0 = Debug|Any CPU
		{5A8D2BF0-9094-4F7E-BABE-35DB7FD7A010}.Debug|x86.ActiveCfg = Debug|Any CPU
		{5A8D2BF0-9094-4F7E-BABE-35DB7FD7A010}.Debug|x86.Build.0 = Debug|Any CPU
		{5A8D2BF0-9094-4F7E-BABE-35DB7FD7A010}.Release|Any CPU.ActiveCfg = Release|Any CPU
		{5A8D2BF0-9094-4F7E-BABE-35DB7FD7A010}.Release|Any CPU.Build.0 = Release|Any CPU
		{5A8D2BF0-9094-4F7E-BABE-35DB7FD7A010}.Release|x64.ActiveCfg = Release|Any CPU
		{5A8D2BF0-9094-4F7E-BABE-35DB7FD7A010}.Release|x64.Build.0 = Release|Any CPU
		{5A8D2BF0-9094-4F7E-BABE-35DB7FD7A010}.Release|x86.ActiveCfg = Release|Any CPU
		{5A8D2BF0-9094-4F7E-BABE-35DB7FD7A010}.Release|x86.Build.0 = Release|Any CPU
		{9A5AE007-9A5D-4F7B-9956-EDFF90A5B395}.Debug|Any CPU.ActiveCfg = Debug|Any CPU
		{9A5AE007-9A5D-4F7B-9956-EDFF90A5B395}.Debug|Any CPU.Build.0 = Debug|Any CPU
		{9A5AE007-9A5D-4F7B-9956-EDFF90A5B395}.Debug|x64.ActiveCfg = Debug|Any CPU
		{9A5AE007-9A5D-4F7B-9956-EDFF90A5B395}.Debug|x64.Build.0 = Debug|Any CPU
		{9A5AE007-9A5D-4F7B-9956-EDFF90A5B395}.Debug|x86.ActiveCfg = Debug|Any CPU
		{9A5AE007-9A5D-4F7B-9956-EDFF90A5B395}.Debug|x86.Build.0 = Debug|Any CPU
		{9A5AE007-9A5D-4F7B-9956-EDFF90A5B395}.Release|Any CPU.ActiveCfg = Release|Any CPU
		{9A5AE007-9A5D-4F7B-9956-EDFF90A5B395}.Release|Any CPU.Build.0 = Release|Any CPU
		{9A5AE007-9A5D-4F7B-9956-EDFF90A5B395}.Release|x64.ActiveCfg = Release|Any CPU
		{9A5AE007-9A5D-4F7B-9956-EDFF90A5B395}.Release|x64.Build.0 = Release|Any CPU
		{9A5AE007-9A5D-4F7B-9956-EDFF90A5B395}.Release|x86.ActiveCfg = Release|Any CPU
		{9A5AE007-9A5D-4F7B-9956-EDFF90A5B395}.Release|x86.Build.0 = Release|Any CPU
		{EC2BD69F-A9CA-456A-80EE-638FD78081DA}.Debug|Any CPU.ActiveCfg = Debug|Any CPU
		{EC2BD69F-A9CA-456A-80EE-638FD78081DA}.Debug|Any CPU.Build.0 = Debug|Any CPU
		{EC2BD69F-A9CA-456A-80EE-638FD78081DA}.Debug|x64.ActiveCfg = Debug|Any CPU
		{EC2BD69F-A9CA-456A-80EE-638FD78081DA}.Debug|x64.Build.0 = Debug|Any CPU
		{EC2BD69F-A9CA-456A-80EE-638FD78081DA}.Debug|x86.ActiveCfg = Debug|Any CPU
		{EC2BD69F-A9CA-456A-80EE-638FD78081DA}.Debug|x86.Build.0 = Debug|Any CPU
		{EC2BD69F-A9CA-456A-80EE-638FD78081DA}.Release|Any CPU.ActiveCfg = Release|Any CPU
		{EC2BD69F-A9CA-456A-80EE-638FD78081DA}.Release|Any CPU.Build.0 = Release|Any CPU
		{EC2BD69F-A9CA-456A-80EE-638FD78081DA}.Release|x64.ActiveCfg = Release|Any CPU
		{EC2BD69F-A9CA-456A-80EE-638FD78081DA}.Release|x64.Build.0 = Release|Any CPU
		{EC2BD69F-A9CA-456A-80EE-638FD78081DA}.Release|x86.ActiveCfg = Release|Any CPU
		{EC2BD69F-A9CA-456A-80EE-638FD78081DA}.Release|x86.Build.0 = Release|Any CPU
		{0CF98382-EA8F-4194-872F-8D9DEE3D4F62}.Debug|Any CPU.ActiveCfg = Debug|Any CPU
		{0CF98382-EA8F-4194-872F-8D9DEE3D4F62}.Debug|Any CPU.Build.0 = Debug|Any CPU
		{0CF98382-EA8F-4194-872F-8D9DEE3D4F62}.Debug|x64.ActiveCfg = Debug|Any CPU
		{0CF98382-EA8F-4194-872F-8D9DEE3D4F62}.Debug|x64.Build.0 = Debug|Any CPU
		{0CF98382-EA8F-4194-872F-8D9DEE3D4F62}.Debug|x86.ActiveCfg = Debug|Any CPU
		{0CF98382-EA8F-4194-872F-8D9DEE3D4F62}.Debug|x86.Build.0 = Debug|Any CPU
		{0CF98382-EA8F-4194-872F-8D9DEE3D4F62}.Release|Any CPU.ActiveCfg = Release|Any CPU
		{0CF98382-EA8F-4194-872F-8D9DEE3D4F62}.Release|Any CPU.Build.0 = Release|Any CPU
		{0CF98382-EA8F-4194-872F-8D9DEE3D4F62}.Release|x64.ActiveCfg = Release|Any CPU
		{0CF98382-EA8F-4194-872F-8D9DEE3D4F62}.Release|x64.Build.0 = Release|Any CPU
		{0CF98382-EA8F-4194-872F-8D9DEE3D4F62}.Release|x86.ActiveCfg = Release|Any CPU
		{0CF98382-EA8F-4194-872F-8D9DEE3D4F62}.Release|x86.Build.0 = Release|Any CPU
		{804FE628-C030-47CF-AAEE-7EF64105BCF8}.Debug|Any CPU.ActiveCfg = Debug|Any CPU
		{804FE628-C030-47CF-AAEE-7EF64105BCF8}.Debug|Any CPU.Build.0 = Debug|Any CPU
		{804FE628-C030-47CF-AAEE-7EF64105BCF8}.Debug|x64.ActiveCfg = Debug|Any CPU
		{804FE628-C030-47CF-AAEE-7EF64105BCF8}.Debug|x64.Build.0 = Debug|Any CPU
		{804FE628-C030-47CF-AAEE-7EF64105BCF8}.Debug|x86.ActiveCfg = Debug|Any CPU
		{804FE628-C030-47CF-AAEE-7EF64105BCF8}.Debug|x86.Build.0 = Debug|Any CPU
		{804FE628-C030-47CF-AAEE-7EF64105BCF8}.Release|Any CPU.ActiveCfg = Release|Any CPU
		{804FE628-C030-47CF-AAEE-7EF64105BCF8}.Release|Any CPU.Build.0 = Release|Any CPU
		{804FE628-C030-47CF-AAEE-7EF64105BCF8}.Release|x64.ActiveCfg = Release|Any CPU
		{804FE628-C030-47CF-AAEE-7EF64105BCF8}.Release|x64.Build.0 = Release|Any CPU
		{804FE628-C030-47CF-AAEE-7EF64105BCF8}.Release|x86.ActiveCfg = Release|Any CPU
		{804FE628-C030-47CF-AAEE-7EF64105BCF8}.Release|x86.Build.0 = Release|Any CPU
	EndGlobalSection
	GlobalSection(NestedProjects) = preSolution
		{BC8BBBE6-238A-49FD-91C8-2331F89DAA7B} = {3DD9A756-E192-4969-8979-193114FD843B}
		{5A8D2BF0-9094-4F7E-BABE-35DB7FD7A010} = {BC8BBBE6-238A-49FD-91C8-2331F89DAA7B}
		{9A5AE007-9A5D-4F7B-9956-EDFF90A5B395} = {BC8BBBE6-238A-49FD-91C8-2331F89DAA7B}
		{EC2BD69F-A9CA-456A-80EE-638FD78081DA} = {BC8BBBE6-238A-49FD-91C8-2331F89DAA7B}
		{0CF98382-EA8F-4194-872F-8D9DEE3D4F62} = {BC8BBBE6-238A-49FD-91C8-2331F89DAA7B}
		{804FE628-C030-47CF-AAEE-7EF64105BCF8} = {BC8BBBE6-238A-49FD-91C8-2331F89DAA7B}
	EndGlobalSection
EndGlobal
