
Microsoft Visual Studio Solution File, Format Version 12.00
# Visual Studio 15
VisualStudioVersion = 15.0.26124.0
MinimumVisualStudioVersion = 15.0.26124.0
Project("{2150E333-8FDC-42A3-9474-1A3956D46DE8}") = "src", "src", "{9E1B9CD1-3949-40F2-B101-2EFCEBE21999}"
EndProject
Project("{2150E333-8FDC-42A3-9474-1A3956D46DE8}") = "extensions", "extensions", "{F92B467C-F9A1-4049-9FA7-F38B48AC48D5}"
EndProject
Project("{FAE04EC0-301F-11D3-BF4B-00C04F79EFBC}") = "Nimbus.Autofac", "src\extensions\Nimbus.Autofac\Nimbus.Autofac.csproj", "{64041863-AD82-4E81-BCD9-32F4D74764B6}"
EndProject
Project("{FAE04EC0-301F-11D3-BF4B-00C04F79EFBC}") = "Nimbus.InfrastructureContracts", "src\Nimbus.InfrastructureContracts\Nimbus.InfrastructureContracts.csproj", "{AA1179B0-4893-4BB1-A2A2-CAD26E60073B}"
EndProject
Project("{FAE04EC0-301F-11D3-BF4B-00C04F79EFBC}") = "Nimbus.MessageContracts", "src\Nimbus.MessageContracts\Nimbus.MessageContracts.csproj", "{3CE22DDD-B200-4FFD-9E97-A60FF2469945}"
EndProject
Project("{FAE04EC0-301F-11D3-BF4B-00C04F79EFBC}") = "Nimbus", "src\Nimbus\Nimbus.csproj", "{C7F927C2-5562-4D46-9F0A-4597DFE3DF40}"
EndProject
Global
	GlobalSection(SolutionConfigurationPlatforms) = preSolution
		Debug|Any CPU = Debug|Any CPU
		Debug|x64 = Debug|x64
		Debug|x86 = Debug|x86
		Release|Any CPU = Release|Any CPU
		Release|x64 = Release|x64
		Release|x86 = Release|x86
	EndGlobalSection
	GlobalSection(SolutionProperties) = preSolution
		HideSolutionNode = FALSE
	EndGlobalSection
	GlobalSection(ProjectConfigurationPlatforms) = postSolution
		{64041863-AD82-4E81-BCD9-32F4D74764B6}.Debug|Any CPU.ActiveCfg = Debug|Any CPU
		{64041863-AD82-4E81-BCD9-32F4D74764B6}.Debug|Any CPU.Build.0 = Debug|Any CPU
		{64041863-AD82-4E81-BCD9-32F4D74764B6}.Debug|x64.ActiveCfg = Debug|x64
		{64041863-AD82-4E81-BCD9-32F4D74764B6}.Debug|x64.Build.0 = Debug|x64
		{64041863-AD82-4E81-BCD9-32F4D74764B6}.Debug|x86.ActiveCfg = Debug|x86
		{64041863-AD82-4E81-BCD9-32F4D74764B6}.Debug|x86.Build.0 = Debug|x86
		{64041863-AD82-4E81-BCD9-32F4D74764B6}.Release|Any CPU.ActiveCfg = Release|Any CPU
		{64041863-AD82-4E81-BCD9-32F4D74764B6}.Release|Any CPU.Build.0 = Release|Any CPU
		{64041863-AD82-4E81-BCD9-32F4D74764B6}.Release|x64.ActiveCfg = Release|x64
		{64041863-AD82-4E81-BCD9-32F4D74764B6}.Release|x64.Build.0 = Release|x64
		{64041863-AD82-4E81-BCD9-32F4D74764B6}.Release|x86.ActiveCfg = Release|x86
		{64041863-AD82-4E81-BCD9-32F4D74764B6}.Release|x86.Build.0 = Release|x86
		{AA1179B0-4893-4BB1-A2A2-CAD26E60073B}.Debug|Any CPU.ActiveCfg = Debug|Any CPU
		{AA1179B0-4893-4BB1-A2A2-CAD26E60073B}.Debug|Any CPU.Build.0 = Debug|Any CPU
		{AA1179B0-4893-4BB1-A2A2-CAD26E60073B}.Debug|x64.ActiveCfg = Debug|x64
		{AA1179B0-4893-4BB1-A2A2-CAD26E60073B}.Debug|x64.Build.0 = Debug|x64
		{AA1179B0-4893-4BB1-A2A2-CAD26E60073B}.Debug|x86.ActiveCfg = Debug|x86
		{AA1179B0-4893-4BB1-A2A2-CAD26E60073B}.Debug|x86.Build.0 = Debug|x86
		{AA1179B0-4893-4BB1-A2A2-CAD26E60073B}.Release|Any CPU.ActiveCfg = Release|Any CPU
		{AA1179B0-4893-4BB1-A2A2-CAD26E60073B}.Release|Any CPU.Build.0 = Release|Any CPU
		{AA1179B0-4893-4BB1-A2A2-CAD26E60073B}.Release|x64.ActiveCfg = Release|x64
		{AA1179B0-4893-4BB1-A2A2-CAD26E60073B}.Release|x64.Build.0 = Release|x64
		{AA1179B0-4893-4BB1-A2A2-CAD26E60073B}.Release|x86.ActiveCfg = Release|x86
		{AA1179B0-4893-4BB1-A2A2-CAD26E60073B}.Release|x86.Build.0 = Release|x86
		{3CE22DDD-B200-4FFD-9E97-A60FF2469945}.Debug|Any CPU.ActiveCfg = Debug|Any CPU
		{3CE22DDD-B200-4FFD-9E97-A60FF2469945}.Debug|Any CPU.Build.0 = Debug|Any CPU
		{3CE22DDD-B200-4FFD-9E97-A60FF2469945}.Debug|x64.ActiveCfg = Debug|x64
		{3CE22DDD-B200-4FFD-9E97-A60FF2469945}.Debug|x64.Build.0 = Debug|x64
		{3CE22DDD-B200-4FFD-9E97-A60FF2469945}.Debug|x86.ActiveCfg = Debug|x86
		{3CE22DDD-B200-4FFD-9E97-A60FF2469945}.Debug|x86.Build.0 = Debug|x86
		{3CE22DDD-B200-4FFD-9E97-A60FF2469945}.Release|Any CPU.ActiveCfg = Release|Any CPU
		{3CE22DDD-B200-4FFD-9E97-A60FF2469945}.Release|Any CPU.Build.0 = Release|Any CPU
		{3CE22DDD-B200-4FFD-9E97-A60FF2469945}.Release|x64.ActiveCfg = Release|x64
		{3CE22DDD-B200-4FFD-9E97-A60FF2469945}.Release|x64.Build.0 = Release|x64
		{3CE22DDD-B200-4FFD-9E97-A60FF2469945}.Release|x86.ActiveCfg = Release|x86
		{3CE22DDD-B200-4FFD-9E97-A60FF2469945}.Release|x86.Build.0 = Release|x86
		{C7F927C2-5562-4D46-9F0A-4597DFE3DF40}.Debug|Any CPU.ActiveCfg = Debug|Any CPU
		{C7F927C2-5562-4D46-9F0A-4597DFE3DF40}.Debug|Any CPU.Build.0 = Debug|Any CPU
		{C7F927C2-5562-4D46-9F0A-4597DFE3DF40}.Debug|x64.ActiveCfg = Debug|x64
		{C7F927C2-5562-4D46-9F0A-4597DFE3DF40}.Debug|x64.Build.0 = Debug|x64
		{C7F927C2-5562-4D46-9F0A-4597DFE3DF40}.Debug|x86.ActiveCfg = Debug|x86
		{C7F927C2-5562-4D46-9F0A-4597DFE3DF40}.Debug|x86.Build.0 = Debug|x86
		{C7F927C2-5562-4D46-9F0A-4597DFE3DF40}.Release|Any CPU.ActiveCfg = Release|Any CPU
		{C7F927C2-5562-4D46-9F0A-4597DFE3DF40}.Release|Any CPU.Build.0 = Release|Any CPU
		{C7F927C2-5562-4D46-9F0A-4597DFE3DF40}.Release|x64.ActiveCfg = Release|x64
		{C7F927C2-5562-4D46-9F0A-4597DFE3DF40}.Release|x64.Build.0 = Release|x64
		{C7F927C2-5562-4D46-9F0A-4597DFE3DF40}.Release|x86.ActiveCfg = Release|x86
		{C7F927C2-5562-4D46-9F0A-4597DFE3DF40}.Release|x86.Build.0 = Release|x86
	EndGlobalSection
	GlobalSection(NestedProjects) = preSolution
		{F92B467C-F9A1-4049-9FA7-F38B48AC48D5} = {9E1B9CD1-3949-40F2-B101-2EFCEBE21999}
		{64041863-AD82-4E81-BCD9-32F4D74764B6} = {F92B467C-F9A1-4049-9FA7-F38B48AC48D5}
		{AA1179B0-4893-4BB1-A2A2-CAD26E60073B} = {9E1B9CD1-3949-40F2-B101-2EFCEBE21999}
		{3CE22DDD-B200-4FFD-9E97-A60FF2469945} = {9E1B9CD1-3949-40F2-B101-2EFCEBE21999}
		{C7F927C2-5562-4D46-9F0A-4597DFE3DF40} = {9E1B9CD1-3949-40F2-B101-2EFCEBE21999}
	EndGlobalSection
EndGlobal
