
Microsoft Visual Studio Solution File, Format Version 12.00
# Visual Studio 2013
VisualStudioVersion = 12.0.30501.0
MinimumVisualStudioVersion = 10.0.40219.1
Project("{FAE04EC0-301F-11D3-BF4B-00C04F79EFBC}") = "Nimbus", "Nimbus\Nimbus.csproj", "{1B793C01-E824-4449-B93D-277626B1791F}"
EndProject
Project("{2150E333-8FDC-42A3-9474-1A3956D46DE8}") = "Samples", "Samples", "{3A9D386C-12D5-4A21-9292-60C0C5B3A7C2}"
EndProject
Project("{2150E333-8FDC-42A3-9474-1A3956D46DE8}") = "Tests", "Tests", "{0942FED4-86C1-468A-85DE-98B88DF22384}"
EndProject
Project("{FAE04EC0-301F-11D3-BF4B-00C04F79EFBC}") = "Nimbus.MessageContracts", "Nimbus.MessageContracts\Nimbus.MessageContracts.csproj", "{702A4F7E-97C5-4651-B704-65C6D0D70C1C}"
EndProject
Project("{2150E333-8FDC-42A3-9474-1A3956D46DE8}") = "Solution Items", "Solution Items", "{69847556-3EE9-4C6E-869D-ABFFF5AF2509}"
	ProjectSection(SolutionItems) = preProject
		Nimbus.ruleset = Nimbus.ruleset
		..\readme.md = ..\readme.md
	EndProjectSection
EndProject
Project("{2150E333-8FDC-42A3-9474-1A3956D46DE8}") = "Extensions", "Extensions", "{96EF7BBF-8E5A-4FCB-9C47-FC38DDB3A1C6}"
EndProject
Project("{FAE04EC0-301F-11D3-BF4B-00C04F79EFBC}") = "Nimbus.UnitTests", "Tests\Nimbus.UnitTests\Nimbus.UnitTests.csproj", "{3A562499-3DA9-469E-88B6-2437FC23DD24}"
EndProject
Project("{FAE04EC0-301F-11D3-BF4B-00C04F79EFBC}") = "Nimbus.UnitTests.TestAssemblies.Handlers", "Tests\Nimbus.UnitTests.TestAssemblies.Handlers\Nimbus.UnitTests.TestAssemblies.Handlers.csproj", "{0747E41E-8BC7-4CE9-82AE-9051F3F6E55B}"
EndProject
Project("{FAE04EC0-301F-11D3-BF4B-00C04F79EFBC}") = "Nimbus.UnitTests.TestAssemblies.MessageContracts", "Tests\Nimbus.UnitTests.TestAssemblies.MessageContracts\Nimbus.UnitTests.TestAssemblies.MessageContracts.csproj", "{AD2DAA55-CA83-4FA6-A0A8-2AAE1CB9EA41}"
EndProject
Project("{FAE04EC0-301F-11D3-BF4B-00C04F79EFBC}") = "Nimbus.IntegrationTests", "Tests\Nimbus.IntegrationTests\Nimbus.IntegrationTests.csproj", "{5BAAC418-8993-48FB-994B-2F06A4B5A26B}"
EndProject
Project("{FAE04EC0-301F-11D3-BF4B-00C04F79EFBC}") = "Nimbus.IntegrationTests.InfrastructureContracts", "Tests\Nimbus.IntegrationTests.InfrastructureContracts\Nimbus.IntegrationTests.InfrastructureContracts.csproj", "{661699AC-929D-4F77-96A5-DE73F5B8E214}"
EndProject
Project("{FAE04EC0-301F-11D3-BF4B-00C04F79EFBC}") = "Nimbus.Autofac", "Extensions\Nimbus.Autofac\Nimbus.Autofac.csproj", "{90DD5B3B-4EFB-484D-A20B-39CB95F66C2E}"
EndProject
Project("{FAE04EC0-301F-11D3-BF4B-00C04F79EFBC}") = "Nimbus.Logger.Serilog", "Extensions\Nimbus.Logger.Serilog\Nimbus.Logger.Serilog.csproj", "{6B665505-3C52-49D3-914A-7C295AF3F877}"
EndProject
Project("{FAE04EC0-301F-11D3-BF4B-00C04F79EFBC}") = "Nimbus.Windsor", "Extensions\Nimbus.Windsor\Nimbus.Windsor.csproj", "{7FCF3124-24EC-40CA-95FD-E30315D0DDE2}"
EndProject
Project("{FAE04EC0-301F-11D3-BF4B-00C04F79EFBC}") = "PingPong.Windsor", "Samples\PingPong.Windsor\PingPong.Windsor.csproj", "{0CEAA1DD-80F1-4E2F-8A7E-57C7A066B084}"
EndProject
Project("{FAE04EC0-301F-11D3-BF4B-00C04F79EFBC}") = "Pizza.Maker", "Samples\PizzaSample\Pizza.Maker\Pizza.Maker.csproj", "{9E6A7822-2B3A-482E-8A7D-E2E7C9CE97ED}"
EndProject
Project("{FAE04EC0-301F-11D3-BF4B-00C04F79EFBC}") = "Pizza.Maker.Messages", "Samples\PizzaSample\Pizza.Maker.Messages\Pizza.Maker.Messages.csproj", "{86300BEC-7B51-41D5-8E0D-B2C85945329D}"
EndProject
Project("{FAE04EC0-301F-11D3-BF4B-00C04F79EFBC}") = "Pizza.Ordering", "Samples\PizzaSample\Pizza.Ordering\Pizza.Ordering.csproj", "{79D2D912-4B73-456B-B1E0-C6114BC2CB4F}"
EndProject
Project("{FAE04EC0-301F-11D3-BF4B-00C04F79EFBC}") = "Pizza.Ordering.Messages", "Samples\PizzaSample\Pizza.Ordering.Messages\Pizza.Ordering.Messages.csproj", "{D98B95C3-F4BE-4F6A-BF62-3E3EC0BD384F}"
EndProject
Project("{FAE04EC0-301F-11D3-BF4B-00C04F79EFBC}") = "Pizza.WaitTimeService", "Samples\PizzaSample\Pizza.WaitTimeService\Pizza.WaitTimeService.csproj", "{B968EC32-3DE7-4C44-BD93-FFA2FDD3AE60}"
EndProject
Project("{2150E333-8FDC-42A3-9474-1A3956D46DE8}") = "PizzaSample", "PizzaSample", "{4431DEBC-ACDA-49A8-B8B2-2E6CD6D959C0}"
EndProject
Project("{FAE04EC0-301F-11D3-BF4B-00C04F79EFBC}") = "Nimbus.InfrastructureContracts", "Nimbus.InfrastructureContracts\Nimbus.InfrastructureContracts.csproj", "{D59397D3-F595-45AB-9BF8-4615C298545B}"
EndProject
Project("{FAE04EC0-301F-11D3-BF4B-00C04F79EFBC}") = "Pizza.RetailWeb", "Samples\PizzaSample\Pizza.RetailWeb\Pizza.RetailWeb.csproj", "{126FE030-4A2E-45C0-8FD8-C7C46A2F268E}"
EndProject
Project("{FAE04EC0-301F-11D3-BF4B-00C04F79EFBC}") = "Nimbus.UnitTests.TestAssemblies.MessageContracts.Serialization", "Tests\Nimbus.UnitTests.TestAssemblies.MessageContracts.Serialization\Nimbus.UnitTests.TestAssemblies.MessageContracts.Serialization.csproj", "{8E57016E-6344-4245-82CA-A5B4D5BAA07E}"
EndProject
Project("{FAE04EC0-301F-11D3-BF4B-00C04F79EFBC}") = "Nimbus.Serializers.Json", "Extensions\Nimbus.Serializers.Json\Nimbus.Serializers.Json.csproj", "{109FB118-FA9A-4EB2-88AF-F66C973CE50F}"
EndProject
Project("{FAE04EC0-301F-11D3-BF4B-00C04F79EFBC}") = "Nimbus.LargeMessages.Azure", "Extensions\Nimbus.LargeMessages.Azure\Nimbus.LargeMessages.Azure.csproj", "{3D86BFFC-7718-4A33-8CF9-E286B455B993}"
EndProject
Project("{FAE04EC0-301F-11D3-BF4B-00C04F79EFBC}") = "Nimbus.LargeMessages.FileSystem", "Extensions\Nimbus.LargeMessages.FileSystem\Nimbus.LargeMessages.FileSystem.csproj", "{7FEB8D9E-1451-4132-8E3B-30D8E7F84126}"
EndProject
Project("{FAE04EC0-301F-11D3-BF4B-00C04F79EFBC}") = "Nimbus.Extensions.IntegrationTests", "Tests\Nimbus.Extensions.IntegrationTests\Nimbus.Extensions.IntegrationTests.csproj", "{20845AC6-E809-4445-8CBB-0614A014552E}"
EndProject
Project("{FAE04EC0-301F-11D3-BF4B-00C04F79EFBC}") = "Nimbus.Tests.Common", "Tests\Nimbus.Tests.Common\Nimbus.Tests.Common.csproj", "{14AA0204-59C2-488D-BF5E-205CCA59E99D}"
EndProject
Project("{FAE04EC0-301F-11D3-BF4B-00C04F79EFBC}") = "Nimbus.StressTests", "Nimbus.StressTests\Nimbus.StressTests.csproj", "{5CAED275-3485-449A-9EFC-6127B9257D82}"
EndProject
Global
	GlobalSection(SolutionConfigurationPlatforms) = preSolution
		Debug|Any CPU = Debug|Any CPU
		Release|Any CPU = Release|Any CPU
	EndGlobalSection
	GlobalSection(ProjectConfigurationPlatforms) = postSolution
		{1B793C01-E824-4449-B93D-277626B1791F}.Debug|Any CPU.ActiveCfg = Debug|Any CPU
		{1B793C01-E824-4449-B93D-277626B1791F}.Debug|Any CPU.Build.0 = Debug|Any CPU
		{1B793C01-E824-4449-B93D-277626B1791F}.Release|Any CPU.ActiveCfg = Release|Any CPU
		{1B793C01-E824-4449-B93D-277626B1791F}.Release|Any CPU.Build.0 = Release|Any CPU
		{702A4F7E-97C5-4651-B704-65C6D0D70C1C}.Debug|Any CPU.ActiveCfg = Debug|Any CPU
		{702A4F7E-97C5-4651-B704-65C6D0D70C1C}.Debug|Any CPU.Build.0 = Debug|Any CPU
		{702A4F7E-97C5-4651-B704-65C6D0D70C1C}.Release|Any CPU.ActiveCfg = Release|Any CPU
		{702A4F7E-97C5-4651-B704-65C6D0D70C1C}.Release|Any CPU.Build.0 = Release|Any CPU
		{3A562499-3DA9-469E-88B6-2437FC23DD24}.Debug|Any CPU.ActiveCfg = Debug|Any CPU
		{3A562499-3DA9-469E-88B6-2437FC23DD24}.Debug|Any CPU.Build.0 = Debug|Any CPU
		{3A562499-3DA9-469E-88B6-2437FC23DD24}.Release|Any CPU.ActiveCfg = Release|Any CPU
		{3A562499-3DA9-469E-88B6-2437FC23DD24}.Release|Any CPU.Build.0 = Release|Any CPU
		{0747E41E-8BC7-4CE9-82AE-9051F3F6E55B}.Debug|Any CPU.ActiveCfg = Debug|Any CPU
		{0747E41E-8BC7-4CE9-82AE-9051F3F6E55B}.Debug|Any CPU.Build.0 = Debug|Any CPU
		{0747E41E-8BC7-4CE9-82AE-9051F3F6E55B}.Release|Any CPU.ActiveCfg = Release|Any CPU
		{0747E41E-8BC7-4CE9-82AE-9051F3F6E55B}.Release|Any CPU.Build.0 = Release|Any CPU
		{AD2DAA55-CA83-4FA6-A0A8-2AAE1CB9EA41}.Debug|Any CPU.ActiveCfg = Debug|Any CPU
		{AD2DAA55-CA83-4FA6-A0A8-2AAE1CB9EA41}.Debug|Any CPU.Build.0 = Debug|Any CPU
		{AD2DAA55-CA83-4FA6-A0A8-2AAE1CB9EA41}.Release|Any CPU.ActiveCfg = Release|Any CPU
		{AD2DAA55-CA83-4FA6-A0A8-2AAE1CB9EA41}.Release|Any CPU.Build.0 = Release|Any CPU
		{5BAAC418-8993-48FB-994B-2F06A4B5A26B}.Debug|Any CPU.ActiveCfg = Debug|Any CPU
		{5BAAC418-8993-48FB-994B-2F06A4B5A26B}.Debug|Any CPU.Build.0 = Debug|Any CPU
		{5BAAC418-8993-48FB-994B-2F06A4B5A26B}.Release|Any CPU.ActiveCfg = Release|Any CPU
		{5BAAC418-8993-48FB-994B-2F06A4B5A26B}.Release|Any CPU.Build.0 = Release|Any CPU
		{661699AC-929D-4F77-96A5-DE73F5B8E214}.Debug|Any CPU.ActiveCfg = Debug|Any CPU
		{661699AC-929D-4F77-96A5-DE73F5B8E214}.Debug|Any CPU.Build.0 = Debug|Any CPU
		{661699AC-929D-4F77-96A5-DE73F5B8E214}.Release|Any CPU.ActiveCfg = Release|Any CPU
		{661699AC-929D-4F77-96A5-DE73F5B8E214}.Release|Any CPU.Build.0 = Release|Any CPU
		{90DD5B3B-4EFB-484D-A20B-39CB95F66C2E}.Debug|Any CPU.ActiveCfg = Debug|Any CPU
		{90DD5B3B-4EFB-484D-A20B-39CB95F66C2E}.Debug|Any CPU.Build.0 = Debug|Any CPU
		{90DD5B3B-4EFB-484D-A20B-39CB95F66C2E}.Release|Any CPU.ActiveCfg = Release|Any CPU
		{90DD5B3B-4EFB-484D-A20B-39CB95F66C2E}.Release|Any CPU.Build.0 = Release|Any CPU
		{6B665505-3C52-49D3-914A-7C295AF3F877}.Debug|Any CPU.ActiveCfg = Debug|Any CPU
		{6B665505-3C52-49D3-914A-7C295AF3F877}.Debug|Any CPU.Build.0 = Debug|Any CPU
		{6B665505-3C52-49D3-914A-7C295AF3F877}.Release|Any CPU.ActiveCfg = Release|Any CPU
		{6B665505-3C52-49D3-914A-7C295AF3F877}.Release|Any CPU.Build.0 = Release|Any CPU
		{7FCF3124-24EC-40CA-95FD-E30315D0DDE2}.Debug|Any CPU.ActiveCfg = Debug|Any CPU
		{7FCF3124-24EC-40CA-95FD-E30315D0DDE2}.Debug|Any CPU.Build.0 = Debug|Any CPU
		{7FCF3124-24EC-40CA-95FD-E30315D0DDE2}.Release|Any CPU.ActiveCfg = Release|Any CPU
		{7FCF3124-24EC-40CA-95FD-E30315D0DDE2}.Release|Any CPU.Build.0 = Release|Any CPU
		{0CEAA1DD-80F1-4E2F-8A7E-57C7A066B084}.Debug|Any CPU.ActiveCfg = Debug|Any CPU
		{0CEAA1DD-80F1-4E2F-8A7E-57C7A066B084}.Debug|Any CPU.Build.0 = Debug|Any CPU
		{0CEAA1DD-80F1-4E2F-8A7E-57C7A066B084}.Release|Any CPU.ActiveCfg = Release|Any CPU
		{0CEAA1DD-80F1-4E2F-8A7E-57C7A066B084}.Release|Any CPU.Build.0 = Release|Any CPU
		{9E6A7822-2B3A-482E-8A7D-E2E7C9CE97ED}.Debug|Any CPU.ActiveCfg = Debug|Any CPU
		{9E6A7822-2B3A-482E-8A7D-E2E7C9CE97ED}.Debug|Any CPU.Build.0 = Debug|Any CPU
		{9E6A7822-2B3A-482E-8A7D-E2E7C9CE97ED}.Release|Any CPU.ActiveCfg = Release|Any CPU
		{9E6A7822-2B3A-482E-8A7D-E2E7C9CE97ED}.Release|Any CPU.Build.0 = Release|Any CPU
		{86300BEC-7B51-41D5-8E0D-B2C85945329D}.Debug|Any CPU.ActiveCfg = Debug|Any CPU
		{86300BEC-7B51-41D5-8E0D-B2C85945329D}.Debug|Any CPU.Build.0 = Debug|Any CPU
		{86300BEC-7B51-41D5-8E0D-B2C85945329D}.Release|Any CPU.ActiveCfg = Release|Any CPU
		{86300BEC-7B51-41D5-8E0D-B2C85945329D}.Release|Any CPU.Build.0 = Release|Any CPU
		{79D2D912-4B73-456B-B1E0-C6114BC2CB4F}.Debug|Any CPU.ActiveCfg = Debug|Any CPU
		{79D2D912-4B73-456B-B1E0-C6114BC2CB4F}.Debug|Any CPU.Build.0 = Debug|Any CPU
		{79D2D912-4B73-456B-B1E0-C6114BC2CB4F}.Release|Any CPU.ActiveCfg = Release|Any CPU
		{79D2D912-4B73-456B-B1E0-C6114BC2CB4F}.Release|Any CPU.Build.0 = Release|Any CPU
		{D98B95C3-F4BE-4F6A-BF62-3E3EC0BD384F}.Debug|Any CPU.ActiveCfg = Debug|Any CPU
		{D98B95C3-F4BE-4F6A-BF62-3E3EC0BD384F}.Debug|Any CPU.Build.0 = Debug|Any CPU
		{D98B95C3-F4BE-4F6A-BF62-3E3EC0BD384F}.Release|Any CPU.ActiveCfg = Release|Any CPU
		{D98B95C3-F4BE-4F6A-BF62-3E3EC0BD384F}.Release|Any CPU.Build.0 = Release|Any CPU
		{B968EC32-3DE7-4C44-BD93-FFA2FDD3AE60}.Debug|Any CPU.ActiveCfg = Debug|Any CPU
		{B968EC32-3DE7-4C44-BD93-FFA2FDD3AE60}.Debug|Any CPU.Build.0 = Debug|Any CPU
		{B968EC32-3DE7-4C44-BD93-FFA2FDD3AE60}.Release|Any CPU.ActiveCfg = Release|Any CPU
		{B968EC32-3DE7-4C44-BD93-FFA2FDD3AE60}.Release|Any CPU.Build.0 = Release|Any CPU
		{D59397D3-F595-45AB-9BF8-4615C298545B}.Debug|Any CPU.ActiveCfg = Debug|Any CPU
		{D59397D3-F595-45AB-9BF8-4615C298545B}.Debug|Any CPU.Build.0 = Debug|Any CPU
		{D59397D3-F595-45AB-9BF8-4615C298545B}.Release|Any CPU.ActiveCfg = Release|Any CPU
		{D59397D3-F595-45AB-9BF8-4615C298545B}.Release|Any CPU.Build.0 = Release|Any CPU
		{126FE030-4A2E-45C0-8FD8-C7C46A2F268E}.Debug|Any CPU.ActiveCfg = Debug|Any CPU
		{126FE030-4A2E-45C0-8FD8-C7C46A2F268E}.Debug|Any CPU.Build.0 = Debug|Any CPU
		{126FE030-4A2E-45C0-8FD8-C7C46A2F268E}.Release|Any CPU.ActiveCfg = Release|Any CPU
		{126FE030-4A2E-45C0-8FD8-C7C46A2F268E}.Release|Any CPU.Build.0 = Release|Any CPU
		{8E57016E-6344-4245-82CA-A5B4D5BAA07E}.Debug|Any CPU.ActiveCfg = Debug|Any CPU
		{8E57016E-6344-4245-82CA-A5B4D5BAA07E}.Debug|Any CPU.Build.0 = Debug|Any CPU
		{8E57016E-6344-4245-82CA-A5B4D5BAA07E}.Release|Any CPU.ActiveCfg = Release|Any CPU
		{8E57016E-6344-4245-82CA-A5B4D5BAA07E}.Release|Any CPU.Build.0 = Release|Any CPU
		{109FB118-FA9A-4EB2-88AF-F66C973CE50F}.Debug|Any CPU.ActiveCfg = Debug|Any CPU
		{109FB118-FA9A-4EB2-88AF-F66C973CE50F}.Debug|Any CPU.Build.0 = Debug|Any CPU
		{109FB118-FA9A-4EB2-88AF-F66C973CE50F}.Release|Any CPU.ActiveCfg = Release|Any CPU
		{109FB118-FA9A-4EB2-88AF-F66C973CE50F}.Release|Any CPU.Build.0 = Release|Any CPU
		{3D86BFFC-7718-4A33-8CF9-E286B455B993}.Debug|Any CPU.ActiveCfg = Debug|Any CPU
		{3D86BFFC-7718-4A33-8CF9-E286B455B993}.Debug|Any CPU.Build.0 = Debug|Any CPU
		{3D86BFFC-7718-4A33-8CF9-E286B455B993}.Release|Any CPU.ActiveCfg = Release|Any CPU
		{3D86BFFC-7718-4A33-8CF9-E286B455B993}.Release|Any CPU.Build.0 = Release|Any CPU
		{7FEB8D9E-1451-4132-8E3B-30D8E7F84126}.Debug|Any CPU.ActiveCfg = Debug|Any CPU
		{7FEB8D9E-1451-4132-8E3B-30D8E7F84126}.Debug|Any CPU.Build.0 = Debug|Any CPU
		{7FEB8D9E-1451-4132-8E3B-30D8E7F84126}.Release|Any CPU.ActiveCfg = Release|Any CPU
		{7FEB8D9E-1451-4132-8E3B-30D8E7F84126}.Release|Any CPU.Build.0 = Release|Any CPU
		{20845AC6-E809-4445-8CBB-0614A014552E}.Debug|Any CPU.ActiveCfg = Debug|Any CPU
		{20845AC6-E809-4445-8CBB-0614A014552E}.Debug|Any CPU.Build.0 = Debug|Any CPU
		{20845AC6-E809-4445-8CBB-0614A014552E}.Release|Any CPU.ActiveCfg = Release|Any CPU
		{20845AC6-E809-4445-8CBB-0614A014552E}.Release|Any CPU.Build.0 = Release|Any CPU
		{14AA0204-59C2-488D-BF5E-205CCA59E99D}.Debug|Any CPU.ActiveCfg = Debug|Any CPU
		{14AA0204-59C2-488D-BF5E-205CCA59E99D}.Debug|Any CPU.Build.0 = Debug|Any CPU
		{14AA0204-59C2-488D-BF5E-205CCA59E99D}.Release|Any CPU.ActiveCfg = Release|Any CPU
		{14AA0204-59C2-488D-BF5E-205CCA59E99D}.Release|Any CPU.Build.0 = Release|Any CPU
		{5CAED275-3485-449A-9EFC-6127B9257D82}.Debug|Any CPU.ActiveCfg = Debug|Any CPU
		{5CAED275-3485-449A-9EFC-6127B9257D82}.Debug|Any CPU.Build.0 = Debug|Any CPU
		{5CAED275-3485-449A-9EFC-6127B9257D82}.Release|Any CPU.ActiveCfg = Release|Any CPU
		{5CAED275-3485-449A-9EFC-6127B9257D82}.Release|Any CPU.Build.0 = Release|Any CPU
	EndGlobalSection
	GlobalSection(SolutionProperties) = preSolution
		HideSolutionNode = FALSE
	EndGlobalSection
	GlobalSection(NestedProjects) = preSolution
		{3A562499-3DA9-469E-88B6-2437FC23DD24} = {0942FED4-86C1-468A-85DE-98B88DF22384}
		{0747E41E-8BC7-4CE9-82AE-9051F3F6E55B} = {0942FED4-86C1-468A-85DE-98B88DF22384}
		{AD2DAA55-CA83-4FA6-A0A8-2AAE1CB9EA41} = {0942FED4-86C1-468A-85DE-98B88DF22384}
		{5BAAC418-8993-48FB-994B-2F06A4B5A26B} = {0942FED4-86C1-468A-85DE-98B88DF22384}
		{661699AC-929D-4F77-96A5-DE73F5B8E214} = {0942FED4-86C1-468A-85DE-98B88DF22384}
		{90DD5B3B-4EFB-484D-A20B-39CB95F66C2E} = {96EF7BBF-8E5A-4FCB-9C47-FC38DDB3A1C6}
		{6B665505-3C52-49D3-914A-7C295AF3F877} = {96EF7BBF-8E5A-4FCB-9C47-FC38DDB3A1C6}
		{7FCF3124-24EC-40CA-95FD-E30315D0DDE2} = {96EF7BBF-8E5A-4FCB-9C47-FC38DDB3A1C6}
		{0CEAA1DD-80F1-4E2F-8A7E-57C7A066B084} = {3A9D386C-12D5-4A21-9292-60C0C5B3A7C2}
		{9E6A7822-2B3A-482E-8A7D-E2E7C9CE97ED} = {4431DEBC-ACDA-49A8-B8B2-2E6CD6D959C0}
		{86300BEC-7B51-41D5-8E0D-B2C85945329D} = {4431DEBC-ACDA-49A8-B8B2-2E6CD6D959C0}
		{79D2D912-4B73-456B-B1E0-C6114BC2CB4F} = {4431DEBC-ACDA-49A8-B8B2-2E6CD6D959C0}
		{D98B95C3-F4BE-4F6A-BF62-3E3EC0BD384F} = {4431DEBC-ACDA-49A8-B8B2-2E6CD6D959C0}
		{B968EC32-3DE7-4C44-BD93-FFA2FDD3AE60} = {4431DEBC-ACDA-49A8-B8B2-2E6CD6D959C0}
		{4431DEBC-ACDA-49A8-B8B2-2E6CD6D959C0} = {3A9D386C-12D5-4A21-9292-60C0C5B3A7C2}
		{126FE030-4A2E-45C0-8FD8-C7C46A2F268E} = {4431DEBC-ACDA-49A8-B8B2-2E6CD6D959C0}
		{8E57016E-6344-4245-82CA-A5B4D5BAA07E} = {0942FED4-86C1-468A-85DE-98B88DF22384}
		{109FB118-FA9A-4EB2-88AF-F66C973CE50F} = {96EF7BBF-8E5A-4FCB-9C47-FC38DDB3A1C6}
		{3D86BFFC-7718-4A33-8CF9-E286B455B993} = {96EF7BBF-8E5A-4FCB-9C47-FC38DDB3A1C6}
		{7FEB8D9E-1451-4132-8E3B-30D8E7F84126} = {96EF7BBF-8E5A-4FCB-9C47-FC38DDB3A1C6}
		{20845AC6-E809-4445-8CBB-0614A014552E} = {0942FED4-86C1-468A-85DE-98B88DF22384}
		{14AA0204-59C2-488D-BF5E-205CCA59E99D} = {0942FED4-86C1-468A-85DE-98B88DF22384}
		{5CAED275-3485-449A-9EFC-6127B9257D82} = {0942FED4-86C1-468A-85DE-98B88DF22384}
	EndGlobalSection
EndGlobal
