
Microsoft Visual Studio Solution File, Format Version 12.00
# Visual Studio 2012
Project("{FAE04EC0-301F-11D3-BF4B-00C04F79EFBC}") = "Nimbus", "Nimbus\Nimbus.csproj", "{1B793C01-E824-4449-B93D-277626B1791F}"
EndProject
Project("{FAE04EC0-301F-11D3-BF4B-00C04F79EFBC}") = "Nimbus.Tests", "Nimbus.Tests\Nimbus.Tests.csproj", "{3A562499-3DA9-469E-88B6-2437FC23DD24}"
EndProject
Project("{FAE04EC0-301F-11D3-BF4B-00C04F79EFBC}") = "Nimbus.IntegrationTests", "Nimbus.IntegrationTests\Nimbus.IntegrationTests.csproj", "{5BAAC418-8993-48FB-994B-2F06A4B5A26B}"
EndProject
Project("{FAE04EC0-301F-11D3-BF4B-00C04F79EFBC}") = "Nimbus.ThroughputTests", "Nimbus.ThroughputTests\Nimbus.ThroughputTests.csproj", "{C4FA1C4D-5904-4DA2-8633-656A66FFF800}"
EndProject
Project("{FAE04EC0-301F-11D3-BF4B-00C04F79EFBC}") = "Nimbus.Autofac", "Nimbus.Autofac\Nimbus.Autofac.csproj", "{90DD5B3B-4EFB-484D-A20B-39CB95F66C2E}"
EndProject
Global
	GlobalSection(SolutionConfigurationPlatforms) = preSolution
		Debug|Any CPU = Debug|Any CPU
		Release|Any CPU = Release|Any CPU
	EndGlobalSection
	GlobalSection(ProjectConfigurationPlatforms) = postSolution
		{1B793C01-E824-4449-B93D-277626B1791F}.Debug|Any CPU.ActiveCfg = Debug|Any CPU
		{1B793C01-E824-4449-B93D-277626B1791F}.Debug|Any CPU.Build.0 = Debug|Any CPU
		{1B793C01-E824-4449-B93D-277626B1791F}.Release|Any CPU.ActiveCfg = Release|Any CPU
		{1B793C01-E824-4449-B93D-277626B1791F}.Release|Any CPU.Build.0 = Release|Any CPU
		{3A562499-3DA9-469E-88B6-2437FC23DD24}.Debug|Any CPU.ActiveCfg = Debug|Any CPU
		{3A562499-3DA9-469E-88B6-2437FC23DD24}.Debug|Any CPU.Build.0 = Debug|Any CPU
		{3A562499-3DA9-469E-88B6-2437FC23DD24}.Release|Any CPU.ActiveCfg = Release|Any CPU
		{3A562499-3DA9-469E-88B6-2437FC23DD24}.Release|Any CPU.Build.0 = Release|Any CPU
		{5BAAC418-8993-48FB-994B-2F06A4B5A26B}.Debug|Any CPU.ActiveCfg = Debug|Any CPU
		{5BAAC418-8993-48FB-994B-2F06A4B5A26B}.Debug|Any CPU.Build.0 = Debug|Any CPU
		{5BAAC418-8993-48FB-994B-2F06A4B5A26B}.Release|Any CPU.ActiveCfg = Release|Any CPU
		{5BAAC418-8993-48FB-994B-2F06A4B5A26B}.Release|Any CPU.Build.0 = Release|Any CPU
		{C4FA1C4D-5904-4DA2-8633-656A66FFF800}.Debug|Any CPU.ActiveCfg = Debug|Any CPU
		{C4FA1C4D-5904-4DA2-8633-656A66FFF800}.Debug|Any CPU.Build.0 = Debug|Any CPU
		{C4FA1C4D-5904-4DA2-8633-656A66FFF800}.Release|Any CPU.ActiveCfg = Release|Any CPU
		{C4FA1C4D-5904-4DA2-8633-656A66FFF800}.Release|Any CPU.Build.0 = Release|Any CPU
		{90DD5B3B-4EFB-484D-A20B-39CB95F66C2E}.Debug|Any CPU.ActiveCfg = Debug|Any CPU
		{90DD5B3B-4EFB-484D-A20B-39CB95F66C2E}.Debug|Any CPU.Build.0 = Debug|Any CPU
		{90DD5B3B-4EFB-484D-A20B-39CB95F66C2E}.Release|Any CPU.ActiveCfg = Release|Any CPU
		{90DD5B3B-4EFB-484D-A20B-39CB95F66C2E}.Release|Any CPU.Build.0 = Release|Any CPU
	EndGlobalSection
	GlobalSection(SolutionProperties) = preSolution
		HideSolutionNode = FALSE
	EndGlobalSection
EndGlobal
